{
  "name": "@kit-js/async",
  "version": "1.0.0",
  "lockfileVersion": 1,
  "requires": true,
  "dependencies": {
    "@kit-js/interface": {
      "version": "2.0.2",
      "resolved": "https://registry.npmjs.org/@kit-js/interface/-/interface-2.0.2.tgz",
      "integrity": "sha512-pu7qYcDR7HRrmtROJ3g3N/NxrOkKEqiP5ZZBXvccrpsV2WfW9fC+Lhi3Q2x1lI/g+yw3mKehO6SoOzS3ULszCw==",
      "requires": {
        "@kit-js/core": "1.3.1"
      },
      "dependencies": {
        "@kit-js/core": {
          "version": "1.3.1",
          "resolved": "https://registry.npmjs.org/@kit-js/core/-/core-1.3.1.tgz",
          "integrity": "sha512-X3/SZuF7BvKWXJArvJZjlezySQEQPHA4Lki9+XVOFKKodU5bIeo9qyUay+fZA6tnvTxPDiOs4k7+AQoZagJG7g==",
          "requires": {
            "ramda": "0.23.0",
            "sibilant": "0.5.5",
            "source-map-support": "0.5.6"
          }
        }
      }
    },
    "ansicolors": {
      "version": "0.3.2",
      "resolved": "https://registry.npmjs.org/ansicolors/-/ansicolors-0.3.2.tgz",
      "integrity": "sha1-ZlWX3oap/+Oqm/vmyuXG6kJrSXk="
    },
    "buffer-from": {
      "version": "1.1.0",
      "resolved": "https://registry.npmjs.org/buffer-from/-/buffer-from-1.1.0.tgz",
      "integrity": "sha512-c5mRlguI/Pe2dSZmpER62rSCu0ryKmWddzRYsuXc50U2/g8jMOulc31VZMa4mYx31U5xsmSOpDCgH88Vl9cDGQ=="
    },
    "cardinal": {
      "version": "2.1.1",
      "resolved": "https://registry.npmjs.org/cardinal/-/cardinal-2.1.1.tgz",
      "integrity": "sha1-fMEFXYItISlU0HsIXeolHMe8VQU=",
      "requires": {
        "ansicolors": "0.3.2",
        "redeyed": "2.1.1"
      }
    },
    "esprima": {
      "version": "4.0.0",
      "resolved": "https://registry.npmjs.org/esprima/-/esprima-4.0.0.tgz",
      "integrity": "sha512-oftTcaMu/EGrEIu904mWteKIv8vMuOgGYo7EhVJJN00R/EED9DCua/xxHRdYnKtcECzVg7xOWhflvJMnqcFZjw=="
    },
    "ramda": {
      "version": "0.23.0",
      "resolved": "https://registry.npmjs.org/ramda/-/ramda-0.23.0.tgz",
      "integrity": "sha1-zNE//3NJepOXTj6GMnv9h71ujis="
    },
    "redeyed": {
      "version": "2.1.1",
      "resolved": "https://registry.npmjs.org/redeyed/-/redeyed-2.1.1.tgz",
      "integrity": "sha1-iYS1gV2ZyyIEacme7v/jiRPmzAs=",
      "requires": {
        "esprima": "4.0.0"
      }
    },
    "sibilant": {
      "version": "0.5.5",
      "resolved": "https://registry.npmjs.org/sibilant/-/sibilant-0.5.5.tgz",
      "integrity": "sha1-2fmSyLt/p7UQfGKDXYcj5NtDtmk=",
      "requires": {
        "cardinal": "2.1.1",
        "source-map": "0.7.3",
        "source-map-support": "0.5.6"
      }
    },
    "source-map": {
      "version": "0.7.3",
      "resolved": "https://registry.npmjs.org/source-map/-/source-map-0.7.3.tgz",
      "integrity": "sha512-CkCj6giN3S+n9qrYiBTX5gystlENnRW5jZeNLHpe6aue+SrHcG5VYwujhW9s4dY31mEGsxBDrHR6oI69fTXsaQ=="
    },
    "source-map-support": {
      "version": "0.5.6",
      "resolved": "https://registry.npmjs.org/source-map-support/-/source-map-support-0.5.6.tgz",
      "integrity": "sha512-N4KXEz7jcKqPf2b2vZF11lQIz9W5ZMuUcIOGj243lduidkf2fjkVKJS9vNxVWn3u/uxX38AcE8U9nnH9FPcq+g==",
      "requires": {
        "buffer-from": "1.1.0",
        "source-map": "0.6.1"
      },
      "dependencies": {
        "source-map": {
          "version": "0.6.1",
          "resolved": "https://registry.npmjs.org/source-map/-/source-map-0.6.1.tgz",
          "integrity": "sha512-UjgapumWlbMhkBgzT7Ykc5YXUT46F0iKu8SGXq0bcwP5dz/h0Plj6enJqjz1Zbq2l5WaqYnrVbwWOWMyF3F47g=="
        }
      }
    }
  }
}
